# This file was autogenerated by Stack.
# You should not edit this file by hand.
# For more information, please see the documentation at:
#   https://docs.haskellstack.org/en/stable/lock_files

packages: []
snapshots:
- completed:
    sha256: 22a9dff793e1e9b0d2351ed45e2d6d9b3f72cea87c37aea8874a6f762a2e2f2d
    size: 665734
    url: https://raw.githubusercontent.com/commercialhaskell/stackage-snapshots/master/nightly/2023/9/3.yaml
  original: nightly-2023-09-03
