# This file was autogenerated by Stack.
# You should not edit this file by hand.
# For more information, please see the documentation at:
#   https://docs.haskellstack.org/en/stable/lock_files

snapshots:
- original: lts-17.1
  completed:
    sha256: 395775c03e66a4286f134d50346b0b6f1432131cf542886252984b4cfa5fef69
    url: https://raw.githubusercontent.com/commercialhaskell/stackage-snapshots/master/lts/17/1.yaml
    size: 563098
packages:
- original:
    hackage: parsec3-numbers-0.1.0@sha256:2f32295f9f4023f7f97da851549aaaf5e72866e98bf016a1ac3c6e8715bbaf8a,685
  completed:
    pantry-tree:
      sha256: a3d23f56cc2a9d17ed24ac5119a7b2102d40c0afeed5271f6b41b7597f181df0
      size: 264
    hackage: parsec3-numbers-0.1.0@sha256:2f32295f9f4023f7f97da851549aaaf5e72866e98bf016a1ac3c6e8715bbaf8a,685
